
Microsoft Visual Studio Solution File, Format Version 12.00
# Visual Studio Version 16
VisualStudioVersion = 16.0.29230.47
MinimumVisualStudioVersion = 10.0.40219.1
Project("{FAE04EC0-301F-11D3-BF4B-00C04F79EFBC}") = "AplicacionEventos", "AplicacionEventos\AplicacionEventos.csproj", "{3A9E6B51-F7A0-4982-9806-213FDEC2D6C8}"
EndProject
Global
	GlobalSection(SolutionConfigurationPlatforms) = preSolution
		Debug|Any CPU = Debug|Any CPU
		Release|Any CPU = Release|Any CPU
	EndGlobalSection
	GlobalSection(ProjectConfigurationPlatforms) = postSolution
		{3A9E6B51-F7A0-4982-9806-213FDEC2D6C8}.Debug|Any CPU.ActiveCfg = Debug|Any CPU
		{3A9E6B51-F7A0-4982-9806-213FDEC2D6C8}.Debug|Any CPU.Build.0 = Debug|Any CPU
		{3A9E6B51-F7A0-4982-9806-213FDEC2D6C8}.Release|Any CPU.ActiveCfg = Release|Any CPU
		{3A9E6B51-F7A0-4982-9806-213FDEC2D6C8}.Release|Any CPU.Build.0 = Release|Any CPU
	EndGlobalSection
	GlobalSection(SolutionProperties) = preSolution
		HideSolutionNode = FALSE
	EndGlobalSection
	GlobalSection(ExtensibilityGlobals) = postSolution
		SolutionGuid = {5696E3A3-6EB2-4F19-8B61-193F8ABFF55B}
	EndGlobalSection
EndGlobal
